{
  "name": "frontend",
  "version": "0.0.0",
  "lockfileVersion": 3,
  "requires": true,
  "packages": {
    "": {
      "name": "frontend",
      "version": "0.0.0",
      "dependencies": {
        "@angular/common": "^22.0.0",
        "@angular/compiler": "^22.0.0",
        "@angular/core": "^22.0.0",
        "@angular/forms": "^22.0.0",
        "@angular/platform-browser": "^22.0.0",
        "@angular/router": "^22.0.0",
        "chart.js": "^4.5.1",
        "ng2-charts": "^10.0.0",
        "rxjs": "~7.8.0",
        "tslib": "^2.3.0"
      },
      "devDependencies": {
        "@angular/build": "^22.0.1",
        "@angular/cli": "^22.0.1",
        "@angular/compiler-cli": "^22.0.0",
        "autoprefixer": "^10.5.0",
        "jsdom": "^28.0.0",
        "postcss": "^8.5.15",
        "prettier": "^3.8.1",
        "tailwindcss": "^3.4.19",
        "typescript": "~6.0.2",
        "vitest": "^4.0.8"
      }
    },
    "../../node_modules/.pnpm/@angular+build@22.0.1_@angu_673ee31ecb0e96ba4a66b53b80d59a29/node_modules/@angular/build": {
      "version": "22.0.1",
      "dev": true,
      "license": "MIT",
      "dependencies": {
        "@ampproject/remapping": "2.3.0",
        "@angular-devkit/architect": "0.2200.1",
        "@babel/core": "7.29.0",
        "@babel/helper-annotate-as-pure": "7.27.3",
        "@babel/helper-split-export-declaration": "7.24.7",
        "@inquirer/confirm": "6.0.12",
        "@vitejs/plugin-basic-ssl": "2.3.0",
        "beasties": "0.4.2",
        "browserslist": "^4.26.0",
        "esbuild": "0.28.0",
        "https-proxy-agent": "9.0.0",
        "jsonc-parser": "3.3.1",
        "listr2": "10.2.1",
        "magic-string": "0.30.21",
        "mrmime": "2.0.1",
        "parse5-html-rewriting-stream": "8.0.1",
        "picomatch": "4.0.4",
        "piscina": "5.1.4",
        "rollup": "4.60.2",
        "sass": "1.99.0",
        "semver": "7.7.4",
        "source-map-support": "0.5.21",
        "tinyglobby": "0.2.16",
        "vite": "7.3.2",
        "watchpack": "2.5.1"
      },
      "engines": {
        "node": "^22.22.3 || ^24.15.0 || >=26.0.0",
        "npm": "^6.11.0 || ^7.5.6 || >=8.0.0",
        "yarn": ">= 1.13.0"
      },
      "optionalDependencies": {
        "lmdb": "3.5.4"
      },
      "peerDependencies": {
        "@angular/compiler": "^22.0.0",
        "@angular/compiler-cli": "^22.0.0",
        "@angular/core": "^22.0.0",
        "@angular/localize": "^22.0.0",
        "@angular/platform-browser": "^22.0.0",
        "@angular/platform-server": "^22.0.0",
        "@angular/service-worker": "^22.0.0",
        "@angular/ssr": "^22.0.1",
        "istanbul-lib-instrument": "^6.0.0",
        "karma": "^6.4.0",
        "less": "^4.2.0",
        "ng-packagr": "^22.0.0",
        "postcss": "^8.4.0",
        "tailwindcss": "^2.0.0 || ^3.0.0 || ^4.0.0",
        "tslib": "^2.3.0",
        "typescript": ">=6.0 <6.1",
        "vitest": "^4.0.8"
      },
      "peerDependenciesMeta": {
        "@angular/core": {
          "optional": true
        },
        "@angular/localize": {
          "optional": true
        },
        "@angular/platform-browser": {
          "optional": true
        },
        "@angular/platform-server": {
          "optional": true
        },
        "@angular/service-worker": {
          "optional": true
        },
        "@angular/ssr": {
          "optional": true
        },
        "istanbul-lib-instrument": {
          "optional": true
        },
        "karma": {
          "optional": true
        },
        "less": {
          "optional": true
        },
        "ng-packagr": {
          "optional": true
        },
        "postcss": {
          "optional": true
        },
        "tailwindcss": {
          "optional": true
        },
        "vitest": {
          "optional": true
        }
      }
    },
    "../../node_modules/.pnpm/@angular+cli@22.0.1_@types+node@20.19.43_chokidar@5.0.0/node_modules/@angular/cli": {
      "version": "22.0.1",
      "dev": true,
      "license": "MIT",
      "dependencies": {
        "@angular-devkit/architect": "0.2200.1",
        "@angular-devkit/core": "22.0.1",
        "@angular-devkit/schematics": "22.0.1",
        "@inquirer/prompts": "8.4.2",
        "@listr2/prompt-adapter-inquirer": "4.2.3",
        "@modelcontextprotocol/sdk": "1.29.0",
        "@schematics/angular": "22.0.1",
        "@yarnpkg/lockfile": "1.1.0",
        "algoliasearch": "5.52.0",
        "ini": "6.0.0",
        "jsonc-parser": "3.3.1",
        "listr2": "10.2.1",
        "npm-package-arg": "13.0.2",
        "pacote": "21.5.0",
        "parse5-html-rewriting-stream": "8.0.1",
        "semver": "7.7.4",
        "yargs": "18.0.0",
        "zod": "4.4.2"
      },
      "bin": {
        "ng": "bin/ng.js"
      },
      "engines": {
        "node": "^22.22.3 || ^24.15.0 || >=26.0.0",
        "npm": "^6.11.0 || ^7.5.6 || >=8.0.0",
        "yarn": ">= 1.13.0"
      }
    },
    "../../node_modules/.pnpm/@angular+common@22.0.1_@ang_ea6c2dbccb132201bb77727386188610/node_modules/@angular/common": {
      "version": "22.0.1",
      "license": "MIT",
      "dependencies": {
        "tslib": "^2.3.0"
      },
      "engines": {
        "node": "^22.22.3 || ^24.15.0 || >=26.0.0"
      },
      "peerDependencies": {
        "@angular/core": "22.0.1",
        "rxjs": "^6.5.3 || ^7.4.0"
      }
    },
    "../../node_modules/.pnpm/@angular+compiler-cli@22.0._69ecbf4c9aec1d7d811628ab1e75efe5/node_modules/@angular/compiler-cli": {
      "version": "22.0.1",
      "dev": true,
      "license": "MIT",
      "dependencies": {
        "@babel/core": "7.29.0",
        "@jridgewell/sourcemap-codec": "^1.4.14",
        "chokidar": "^5.0.0",
        "convert-source-map": "^1.5.1",
        "reflect-metadata": "^0.2.0",
        "semver": "^7.0.0",
        "tslib": "^2.3.0",
        "yargs": "^18.0.0"
      },
      "bin": {
        "ng-xi18n": "bundles/src/bin/ng_xi18n.js",
        "ngc": "bundles/src/bin/ngc.js"
      },
      "devDependencies": {
        "@types/convert-source-map": "^2.0.0",
        "typescript": "6.0.3"
      },
      "engines": {
        "node": "^22.22.3 || ^24.15.0 || >=26.0.0"
      },
      "peerDependencies": {
        "@angular/compiler": "22.0.1",
        "typescript": ">=6.0 <6.1"
      },
      "peerDependenciesMeta": {
        "typescript": {
          "optional": true
        }
      }
    },
    "../../node_modules/.pnpm/@angular+compiler@22.0.1/node_modules/@angular/compiler": {
      "version": "22.0.1",
      "license": "MIT",
      "dependencies": {
        "tslib": "^2.3.0"
      },
      "engines": {
        "node": "^22.22.3 || ^24.15.0 || >=26.0.0"
      }
    },
    "../../node_modules/.pnpm/@angular+core@22.0.1_@angular+compiler@22.0.1_rxjs@7.8.2/node_modules/@angular/core": {
      "version": "22.0.1",
      "license": "MIT",
      "dependencies": {
        "tslib": "^2.3.0"
      },
      "devDependencies": {
        "@mcp-b/webmcp-polyfill": "^2.2.0",
        "@mcp-b/webmcp-types": "^2.2.0"
      },
      "engines": {
        "node": "^22.22.3 || ^24.15.0 || >=26.0.0"
      },
      "peerDependencies": {
        "@angular/compiler": "22.0.1",
        "rxjs": "^6.5.3 || ^7.4.0",
        "zone.js": "~0.15.0 || ~0.16.0"
      },
      "peerDependenciesMeta": {
        "@angular/compiler": {
          "optional": true
        },
        "zone.js": {
          "optional": true
        }
      }
    },
    "../../node_modules/.pnpm/@angular+forms@22.0.1_@angu_aec2e639f7f4631477e0b60b81eb5943/node_modules/@angular/forms": {
      "version": "22.0.1",
      "license": "MIT",
      "dependencies": {
        "@standard-schema/spec": "^1.0.0",
        "tslib": "^2.3.0",
        "zod": "^4.0.10"
      },
      "devDependencies": {
        "@mcp-b/webmcp-polyfill": "^2.2.0",
        "@mcp-b/webmcp-types": "^2.2.0"
      },
      "engines": {
        "node": "^22.22.3 || ^24.15.0 || >=26.0.0"
      },
      "peerDependencies": {
        "@angular/common": "22.0.1",
        "@angular/core": "22.0.1",
        "@angular/platform-browser": "22.0.1",
        "rxjs": "^6.5.3 || ^7.4.0"
      }
    },
    "../../node_modules/.pnpm/@angular+platform-browser@2_36b59b9b62cc1729a0fc3d328d0c123d/node_modules/@angular/platform-browser": {
      "version": "22.0.1",
      "license": "MIT",
      "dependencies": {
        "tslib": "^2.3.0"
      },
      "engines": {
        "node": "^22.22.3 || ^24.15.0 || >=26.0.0"
      },
      "peerDependencies": {
        "@angular/animations": "22.0.1",
        "@angular/common": "22.0.1",
        "@angular/core": "22.0.1"
      },
      "peerDependenciesMeta": {
        "@angular/animations": {
          "optional": true
        }
      }
    },
    "../../node_modules/.pnpm/@angular+router@22.0.1_@ang_6820eb4fc3f6e2ecaf1474322b9e0d61/node_modules/@angular/router": {
      "version": "22.0.1",
      "license": "MIT",
      "dependencies": {
        "tslib": "^2.3.0"
      },
      "devDependencies": {
        "@types/dom-navigation": "^1.0.5"
      },
      "engines": {
        "node": "^22.22.3 || ^24.15.0 || >=26.0.0"
      },
      "peerDependencies": {
        "@angular/common": "22.0.1",
        "@angular/core": "22.0.1",
        "@angular/platform-browser": "22.0.1",
        "rxjs": "^6.5.3 || ^7.4.0"
      }
    },
    "../../node_modules/.pnpm/autoprefixer@10.5.0_postcss@8.5.15/node_modules/autoprefixer": {
      "version": "10.5.0",
      "dev": true,
      "funding": [
        {
          "type": "opencollective",
          "url": "https://opencollective.com/postcss/"
        },
        {
          "type": "tidelift",
          "url": "https://tidelift.com/funding/github/npm/autoprefixer"
        },
        {
          "type": "github",
          "url": "https://github.com/sponsors/ai"
        }
      ],
      "license": "MIT",
      "dependencies": {
        "browserslist": "^4.28.2",
        "caniuse-lite": "^1.0.30001787",
        "fraction.js": "^5.3.4",
        "picocolors": "^1.1.1",
        "postcss-value-parser": "^4.2.0"
      },
      "bin": {
        "autoprefixer": "bin/autoprefixer"
      },
      "engines": {
        "node": "^10 || ^12 || >=14"
      },
      "peerDependencies": {
        "postcss": "^8.1.0"
      }
    },
    "../../node_modules/.pnpm/jsdom@28.1.0/node_modules/jsdom": {
      "version": "28.1.0",
      "dev": true,
      "license": "MIT",
      "dependencies": {
        "@acemir/cssom": "^0.9.31",
        "@asamuzakjp/dom-selector": "^6.8.1",
        "@bramus/specificity": "^2.4.2",
        "@exodus/bytes": "^1.11.0",
        "cssstyle": "^6.0.1",
        "data-urls": "^7.0.0",
        "decimal.js": "^10.6.0",
        "html-encoding-sniffer": "^6.0.0",
        "http-proxy-agent": "^7.0.2",
        "https-proxy-agent": "^7.0.6",
        "is-potential-custom-element-name": "^1.0.1",
        "parse5": "^8.0.0",
        "saxes": "^6.0.0",
        "symbol-tree": "^3.2.4",
        "tough-cookie": "^6.0.0",
        "undici": "^7.21.0",
        "w3c-xmlserializer": "^5.0.0",
        "webidl-conversions": "^8.0.1",
        "whatwg-mimetype": "^5.0.0",
        "whatwg-url": "^16.0.0",
        "xml-name-validator": "^5.0.0"
      },
      "devDependencies": {
        "@domenic/eslint-config": "^4.1.0",
        "eslint": "^9.39.2",
        "eslint-plugin-html": "^8.1.4",
        "eslint-plugin-n": "^17.23.2",
        "globals": "^17.3.0",
        "js-yaml": "^4.1.1",
        "minimatch": "^10.1.2",
        "mocha": "^11.7.5",
        "mocha-sugar-free": "^1.4.0",
        "npm-run-all2": "^8.0.4",
        "opener": "^1.5.2",
        "pngjs": "^7.0.0",
        "semver": "^7.7.4",
        "server-destroy": "^1.0.1",
        "tinybench": "^6.0.0",
        "webidl2": "^24.5.0",
        "webidl2js": "^19.1.0"
      },
      "engines": {
        "node": "^20.19.0 || ^22.12.0 || >=24.0.0"
      },
      "peerDependencies": {
        "canvas": "^3.0.0"
      },
      "peerDependenciesMeta": {
        "canvas": {
          "optional": true
        }
      }
    },
    "../../node_modules/.pnpm/postcss@8.5.15/node_modules/postcss": {
      "version": "8.5.15",
      "dev": true,
      "funding": [
        {
          "type": "opencollective",
          "url": "https://opencollective.com/postcss/"
        },
        {
          "type": "tidelift",
          "url": "https://tidelift.com/funding/github/npm/postcss"
        },
        {
          "type": "github",
          "url": "https://github.com/sponsors/ai"
        }
      ],
      "license": "MIT",
      "dependencies": {
        "nanoid": "^3.3.12",
        "picocolors": "^1.1.1",
        "source-map-js": "^1.2.1"
      },
      "engines": {
        "node": "^10 || ^12 || >=14"
      }
    },
    "../../node_modules/.pnpm/prettier@3.8.4/node_modules/prettier": {
      "version": "3.8.4",
      "dev": true,
      "license": "MIT",
      "bin": {
        "prettier": "bin/prettier.cjs"
      },
      "engines": {
        "node": ">=14"
      },
      "funding": {
        "url": "https://github.com/prettier/prettier?sponsor=1"
      }
    },
    "../../node_modules/.pnpm/rxjs@7.8.2/node_modules/rxjs": {
      "version": "7.8.2",
      "license": "Apache-2.0",
      "dependencies": {
        "tslib": "^2.1.0"
      },
      "devDependencies": {
        "@angular-devkit/build-optimizer": "0.4.6",
        "@angular-devkit/schematics": "^11.0.7",
        "@swc/core": "^1.2.128",
        "@swc/helpers": "^0.3.2",
        "@types/chai": "^4.2.11",
        "@types/lodash": "4.14.102",
        "@types/mocha": "^7.0.2",
        "@types/node": "^14.14.6",
        "@types/shelljs": "^0.8.8",
        "@types/sinon": "4.1.3",
        "@types/sinon-chai": "2.7.29",
        "@types/source-map": "^0.5.2",
        "@typescript-eslint/eslint-plugin": "^4.29.1",
        "@typescript-eslint/parser": "^4.29.1",
        "babel-polyfill": "6.26.0",
        "chai": "^4.2.0",
        "check-side-effects": "0.0.23",
        "color": "3.0.0",
        "colors": "1.1.2",
        "cross-env": "5.1.3",
        "cz-conventional-changelog": "1.2.0",
        "dependency-cruiser": "^9.12.0",
        "escape-string-regexp": "1.0.5",
        "eslint": "^7.8.1",
        "eslint-plugin-jasmine": "^2.10.1",
        "form-data": "^3.0.0",
        "fs-extra": "^8.1.0",
        "glob": "7.1.2",
        "google-closure-compiler-js": "20170218.0.0",
        "husky": "^4.2.5",
        "klaw-sync": "3.0.2",
        "lint-staged": "^10.2.11",
        "lodash": "^4.17.15",
        "minimist": "^1.2.5",
        "mocha": "^8.1.3",
        "nodemon": "^1.9.2",
        "npm-run-all": "4.1.2",
        "opn-cli": "3.1.0",
        "platform": "1.3.5",
        "prettier": "^2.5.1",
        "promise": "8.0.1",
        "rollup": "0.66.6",
        "rollup-plugin-alias": "1.4.0",
        "rollup-plugin-inject": "2.0.0",
        "rollup-plugin-node-resolve": "2.0.0",
        "shelljs": "^0.8.4",
        "shx": "^0.3.2",
        "sinon": "4.3.0",
        "sinon-chai": "2.14.0",
        "source-map-support": "0.5.3",
        "systemjs": "^0.21.0",
        "ts-node": "^9.1.1",
        "tslint": "^5.20.1",
        "tslint-config-prettier": "^1.18.0",
        "tslint-etc": "1.13.10",
        "tslint-no-toplevel-property-access": "0.0.2",
        "tslint-no-unused-expression-chai": "0.0.3",
        "typescript": "~4.2.0",
        "validate-commit-msg": "2.14.0",
        "web-streams-polyfill": "^3.0.2",
        "webpack": "^4.31.0"
      }
    },
    "../../node_modules/.pnpm/tailwindcss@3.4.19/node_modules/tailwindcss": {
      "version": "3.4.19",
      "dev": true,
      "license": "MIT",
      "dependencies": {
        "@alloc/quick-lru": "^5.2.0",
        "arg": "^5.0.2",
        "chokidar": "^3.6.0",
        "didyoumean": "^1.2.2",
        "dlv": "^1.1.3",
        "fast-glob": "^3.3.2",
        "glob-parent": "^6.0.2",
        "is-glob": "^4.0.3",
        "jiti": "^1.21.7",
        "lilconfig": "^3.1.3",
        "micromatch": "^4.0.8",
        "normalize-path": "^3.0.0",
        "object-hash": "^3.0.0",
        "picocolors": "^1.1.1",
        "postcss": "^8.4.47",
        "postcss-import": "^15.1.0",
        "postcss-js": "^4.0.1",
        "postcss-load-config": "^4.0.2 || ^5.0 || ^6.0",
        "postcss-nested": "^6.2.0",
        "postcss-selector-parser": "^6.1.2",
        "resolve": "^1.22.8",
        "sucrase": "^3.35.0"
      },
      "bin": {
        "tailwind": "lib/cli.js",
        "tailwindcss": "lib/cli.js"
      },
      "devDependencies": {
        "@swc/cli": "0.1.62",
        "@swc/core": "1.3.55",
        "@swc/jest": "0.2.26",
        "@swc/register": "0.1.10",
        "autoprefixer": "^10.4.20",
        "browserslist": "^4.24.0",
        "concurrently": "^8.2.2",
        "cssnano": "^6.1.2",
        "esbuild": "^0.24.0",
        "eslint": "^8.57.1",
        "eslint-config-prettier": "^8.10.0",
        "eslint-plugin-prettier": "^4.2.1",
        "jest": "^29.7.0",
        "jest-diff": "^29.7.0",
        "lightningcss": "1.27.0",
        "prettier": "^2.8.8",
        "rimraf": "^5.0.10",
        "source-map-js": "^1.2.1",
        "turbo": "^1.13.4"
      },
      "engines": {
        "node": ">=14.0.0"
      }
    },
    "../../node_modules/.pnpm/tslib@2.8.1/node_modules/tslib": {
      "version": "2.8.1",
      "license": "0BSD"
    },
    "../../node_modules/.pnpm/typescript@6.0.3/node_modules/typescript": {
      "version": "6.0.3",
      "dev": true,
      "license": "Apache-2.0",
      "bin": {
        "tsc": "bin/tsc",
        "tsserver": "bin/tsserver"
      },
      "devDependencies": {
        "@dprint/formatter": "^0.4.1",
        "@dprint/typescript": "0.93.4",
        "@esfx/canceltoken": "^1.0.0",
        "@eslint/js": "^10.0.1",
        "@octokit/rest": "^22.0.1",
        "@types/chai": "^4.3.20",
        "@types/minimist": "^1.2.5",
        "@types/mocha": "^10.0.10",
        "@types/ms": "^2.1.0",
        "@types/node": "latest",
        "@types/source-map-support": "^0.5.10",
        "@types/which": "^3.0.4",
        "@typescript-eslint/rule-tester": "^8.56.1",
        "@typescript-eslint/type-utils": "^8.56.1",
        "@typescript-eslint/utils": "^8.56.1",
        "azure-devops-node-api": "^15.1.3",
        "c8": "^10.1.3",
        "chai": "^4.5.0",
        "chokidar": "^4.0.3",
        "diff": "^8.0.3",
        "dprint": "^0.49.1",
        "esbuild": "^0.27.3",
        "eslint": "^10.0.2",
        "eslint-plugin-regexp": "^3.0.0",
        "fast-xml-parser": "^5.4.1",
        "glob": "^10.5.0",
        "globals": "^17.4.0",
        "hereby": "^1.12.0",
        "jsonc-parser": "^3.3.1",
        "knip": "^5.85.0",
        "minimist": "^1.2.8",
        "mocha": "^10.8.2",
        "mocha-fivemat-progress-reporter": "^0.1.0",
        "monocart-coverage-reports": "^2.12.9",
        "ms": "^2.1.3",
        "picocolors": "^1.1.1",
        "playwright": "^1.58.2",
        "source-map-support": "^0.5.21",
        "tslib": "^2.8.1",
        "typescript": "^5.9.3",
        "typescript-eslint": "^8.56.1",
        "which": "^3.0.1"
      },
      "engines": {
        "node": ">=14.17"
      }
    },
    "../../node_modules/.pnpm/vitest@4.1.8_@types+node@20_a92326bb358848a636d8d36b18a1d0e5/node_modules/vitest": {
      "version": "4.1.8",
      "dev": true,
      "license": "MIT",
      "dependencies": {
        "@vitest/expect": "4.1.8",
        "@vitest/mocker": "4.1.8",
        "@vitest/pretty-format": "4.1.8",
        "@vitest/runner": "4.1.8",
        "@vitest/snapshot": "4.1.8",
        "@vitest/spy": "4.1.8",
        "@vitest/utils": "4.1.8",
        "es-module-lexer": "^2.0.0",
        "expect-type": "^1.3.0",
        "magic-string": "^0.30.21",
        "obug": "^2.1.1",
        "pathe": "^2.0.3",
        "picomatch": "^4.0.3",
        "std-env": "^4.0.0-rc.1",
        "tinybench": "^2.9.0",
        "tinyexec": "^1.0.2",
        "tinyglobby": "^0.2.15",
        "tinyrainbow": "^3.1.0",
        "vite": "^6.0.0 || ^7.0.0 || ^8.0.0",
        "why-is-node-running": "^2.3.0"
      },
      "bin": {
        "vitest": "vitest.mjs"
      },
      "devDependencies": {
        "@antfu/install-pkg": "^1.1.0",
        "@bomb.sh/tab": "^0.0.14",
        "@edge-runtime/vm": "^5.0.0",
        "@jridgewell/trace-mapping": "0.3.31",
        "@opentelemetry/api": "^1.9.0",
        "@sinonjs/fake-timers": "15.0.0",
        "@types/estree": "^1.0.8",
        "@types/istanbul-lib-coverage": "^2.0.6",
        "@types/istanbul-reports": "^3.0.4",
        "@types/jsdom": "^27.0.0",
        "@types/node": "^24.12.0",
        "@types/picomatch": "^4.0.2",
        "@types/prompts": "^2.4.9",
        "@types/sinonjs__fake-timers": "^15.0.1",
        "acorn": "8.11.3",
        "acorn-walk": "^8.3.5",
        "birpc": "^4.0.0",
        "cac": "^6.7.14",
        "empathic": "^2.0.0",
        "flatted": "^3.4.2",
        "happy-dom": "^20.8.3",
        "jsdom": "^27.4.0",
        "local-pkg": "^1.1.2",
        "mime": "^4.1.0",
        "prompts": "^2.4.2",
        "strip-literal": "^3.1.0",
        "tinyhighlight": "^0.3.2",
        "ws": "^8.19.0"
      },
      "engines": {
        "node": "^20.0.0 || ^22.0.0 || >=24.0.0"
      },
      "funding": {
        "url": "https://opencollective.com/vitest"
      },
      "peerDependencies": {
        "@edge-runtime/vm": "*",
        "@opentelemetry/api": "^1.9.0",
        "@types/node": "^20.0.0 || ^22.0.0 || >=24.0.0",
        "@vitest/browser-playwright": "4.1.8",
        "@vitest/browser-preview": "4.1.8",
        "@vitest/browser-webdriverio": "4.1.8",
        "@vitest/coverage-istanbul": "4.1.8",
        "@vitest/coverage-v8": "4.1.8",
        "@vitest/ui": "4.1.8",
        "happy-dom": "*",
        "jsdom": "*",
        "vite": "^6.0.0 || ^7.0.0 || ^8.0.0"
      },
      "peerDependenciesMeta": {
        "@edge-runtime/vm": {
          "optional": true
        },
        "@opentelemetry/api": {
          "optional": true
        },
        "@types/node": {
          "optional": true
        },
        "@vitest/browser-playwright": {
          "optional": true
        },
        "@vitest/browser-preview": {
          "optional": true
        },
        "@vitest/browser-webdriverio": {
          "optional": true
        },
        "@vitest/coverage-istanbul": {
          "optional": true
        },
        "@vitest/coverage-v8": {
          "optional": true
        },
        "@vitest/ui": {
          "optional": true
        },
        "happy-dom": {
          "optional": true
        },
        "jsdom": {
          "optional": true
        },
        "vite": {
          "optional": false
        }
      }
    },
    "node_modules/@angular/build": {
      "resolved": "../../node_modules/.pnpm/@angular+build@22.0.1_@angu_673ee31ecb0e96ba4a66b53b80d59a29/node_modules/@angular/build",
      "link": true
    },
    "node_modules/@angular/cdk": {
      "version": "22.0.2",
      "resolved": "https://registry.npmjs.org/@angular/cdk/-/cdk-22.0.2.tgz",
      "integrity": "sha512-3AOyLNIpvXkxbiCeUc4R5ubwCBpY83ZPe2I6Q/cTUW53SnFapEBNYZ2spSY+jPVY4IVPnQN1Tvjlzq6R9K4M3w==",
      "license": "MIT",
      "peer": true,
      "dependencies": {
        "parse5": "^8.0.0",
        "tslib": "^2.3.0"
      },
      "peerDependencies": {
        "@angular/common": "^22.0.0 || ^23.0.0",
        "@angular/core": "^22.0.0 || ^23.0.0",
        "@angular/platform-browser": "^22.0.0 || ^23.0.0",
        "rxjs": "^6.5.3 || ^7.4.0"
      }
    },
    "node_modules/@angular/cli": {
      "resolved": "../../node_modules/.pnpm/@angular+cli@22.0.1_@types+node@20.19.43_chokidar@5.0.0/node_modules/@angular/cli",
      "link": true
    },
    "node_modules/@angular/common": {
      "resolved": "../../node_modules/.pnpm/@angular+common@22.0.1_@ang_ea6c2dbccb132201bb77727386188610/node_modules/@angular/common",
      "link": true
    },
    "node_modules/@angular/compiler": {
      "resolved": "../../node_modules/.pnpm/@angular+compiler@22.0.1/node_modules/@angular/compiler",
      "link": true
    },
    "node_modules/@angular/compiler-cli": {
      "resolved": "../../node_modules/.pnpm/@angular+compiler-cli@22.0._69ecbf4c9aec1d7d811628ab1e75efe5/node_modules/@angular/compiler-cli",
      "link": true
    },
    "node_modules/@angular/core": {
      "resolved": "../../node_modules/.pnpm/@angular+core@22.0.1_@angular+compiler@22.0.1_rxjs@7.8.2/node_modules/@angular/core",
      "link": true
    },
    "node_modules/@angular/forms": {
      "resolved": "../../node_modules/.pnpm/@angular+forms@22.0.1_@angu_aec2e639f7f4631477e0b60b81eb5943/node_modules/@angular/forms",
      "link": true
    },
    "node_modules/@angular/platform-browser": {
      "resolved": "../../node_modules/.pnpm/@angular+platform-browser@2_36b59b9b62cc1729a0fc3d328d0c123d/node_modules/@angular/platform-browser",
      "link": true
    },
    "node_modules/@angular/router": {
      "resolved": "../../node_modules/.pnpm/@angular+router@22.0.1_@ang_6820eb4fc3f6e2ecaf1474322b9e0d61/node_modules/@angular/router",
      "link": true
    },
    "node_modules/@kurkle/color": {
      "version": "0.3.4",
      "resolved": "https://registry.npmjs.org/@kurkle/color/-/color-0.3.4.tgz",
      "integrity": "sha512-M5UknZPHRu3DEDWoipU6sE8PdkZ6Z/S+v4dD+Ke8IaNlpdSQah50lz1KtcFBa2vsdOnwbbnxJwVM4wty6udA5w==",
      "license": "MIT"
    },
    "node_modules/autoprefixer": {
      "resolved": "../../node_modules/.pnpm/autoprefixer@10.5.0_postcss@8.5.15/node_modules/autoprefixer",
      "link": true
    },
    "node_modules/chart.js": {
      "version": "4.5.1",
      "resolved": "https://registry.npmjs.org/chart.js/-/chart.js-4.5.1.tgz",
      "integrity": "sha512-GIjfiT9dbmHRiYi6Nl2yFCq7kkwdkp1W/lp2J99rX0yo9tgJGn3lKQATztIjb5tVtevcBtIdICNWqlq5+E8/Pw==",
      "license": "MIT",
      "dependencies": {
        "@kurkle/color": "^0.3.0"
      },
      "engines": {
        "pnpm": ">=8"
      }
    },
    "node_modules/entities": {
      "version": "8.0.0",
      "resolved": "https://registry.npmjs.org/entities/-/entities-8.0.0.tgz",
      "integrity": "sha512-zwfzJecQ/Uej6tusMqwAqU/6KL2XaB2VZ2Jg54Je6ahNBGNH6Ek6g3jjNCF0fG9EWQKGZNddNjU5F1ZQn/sBnA==",
      "license": "BSD-2-Clause",
      "peer": true,
      "engines": {
        "node": ">=20.19.0"
      },
      "funding": {
        "url": "https://github.com/fb55/entities?sponsor=1"
      }
    },
    "node_modules/es-toolkit": {
      "version": "1.48.1",
      "resolved": "https://registry.npmjs.org/es-toolkit/-/es-toolkit-1.48.1.tgz",
      "integrity": "sha512-wfnXlwd5I75eXRtdD2vuEs50xHHESECDsGD7yiQnfFVNoa5522NwXEbmgo98LfiukSQHs+mBM7/YG3qKJB9/mQ==",
      "license": "MIT",
      "workspaces": [
        "docs",
        "benchmarks"
      ]
    },
    "node_modules/jsdom": {
      "resolved": "../../node_modules/.pnpm/jsdom@28.1.0/node_modules/jsdom",
      "link": true
    },
    "node_modules/ng2-charts": {
      "version": "10.0.0",
      "resolved": "https://registry.npmjs.org/ng2-charts/-/ng2-charts-10.0.0.tgz",
      "integrity": "sha512-mdL75XJrk/0s0YO2ySPQpAHPja85ECDEGNWFlcElJiy/bYliTNGEpeCtctAqZuozTff/E2CwGjyfPFM1ScP2og==",
      "license": "MIT",
      "dependencies": {
        "es-toolkit": "^1.39.7",
        "tslib": "^2.3.0"
      },
      "peerDependencies": {
        "@angular/cdk": ">=21.0.0",
        "@angular/common": ">=21.0.0",
        "@angular/core": ">=21.0.0",
        "@angular/platform-browser": ">=21.0.0",
        "chart.js": "^3.4.0 || ^4.0.0",
        "rxjs": "^6.5.3 || ^7.4.0"
      }
    },
    "node_modules/parse5": {
      "version": "8.0.1",
      "resolved": "https://registry.npmjs.org/parse5/-/parse5-8.0.1.tgz",
      "integrity": "sha512-z1e/HMG90obSGeidlli3hj7cbocou0/wa5HacvI3ASx34PecNjNQeaHNo5WIZpWofN9kgkqV1q5YvXe3F0FoPw==",
      "license": "MIT",
      "peer": true,
      "dependencies": {
        "entities": "^8.0.0"
      },
      "funding": {
        "url": "https://github.com/inikulin/parse5?sponsor=1"
      }
    },
    "node_modules/postcss": {
      "resolved": "../../node_modules/.pnpm/postcss@8.5.15/node_modules/postcss",
      "link": true
    },
    "node_modules/prettier": {
      "resolved": "../../node_modules/.pnpm/prettier@3.8.4/node_modules/prettier",
      "link": true
    },
    "node_modules/rxjs": {
      "resolved": "../../node_modules/.pnpm/rxjs@7.8.2/node_modules/rxjs",
      "link": true
    },
    "node_modules/tailwindcss": {
      "resolved": "../../node_modules/.pnpm/tailwindcss@3.4.19/node_modules/tailwindcss",
      "link": true
    },
    "node_modules/tslib": {
      "resolved": "../../node_modules/.pnpm/tslib@2.8.1/node_modules/tslib",
      "link": true
    },
    "node_modules/typescript": {
      "resolved": "../../node_modules/.pnpm/typescript@6.0.3/node_modules/typescript",
      "link": true
    },
    "node_modules/vitest": {
      "resolved": "../../node_modules/.pnpm/vitest@4.1.8_@types+node@20_a92326bb358848a636d8d36b18a1d0e5/node_modules/vitest",
      "link": true
    }
  }
}
